
Microsoft Visual Studio Solution File, Format Version 12.00
# Visual Studio Version 17
VisualStudioVersion = 17.8.34511.84
MinimumVisualStudioVersion = 10.0.40219.1
Project("{8BC9CEB8-8B4A-11D0-8D11-00A0C91BC942}") = "oyun.cpp", "oyun.cpp.vcxproj", "{EDE79A43-7BBE-45EA-A81B-F19755E11A19}"
EndProject
Global
	GlobalSection(SolutionConfigurationPlatforms) = preSolution
		Debug|x64 = Debug|x64
		Debug|x86 = Debug|x86
		Release|x64 = Release|x64
		Release|x86 = Release|x86
	EndGlobalSection
	GlobalSection(ProjectConfigurationPlatforms) = postSolution
		{EDE79A43-7BBE-45EA-A81B-F19755E11A19}.Debug|x64.ActiveCfg = Debug|x64
		{EDE79A43-7BBE-45EA-A81B-F19755E11A19}.Debug|x64.Build.0 = Debug|x64
		{EDE79A43-7BBE-45EA-A81B-F19755E11A19}.Debug|x86.ActiveCfg = Debug|Win32
		{EDE79A43-7BBE-45EA-A81B-F19755E11A19}.Debug|x86.Build.0 = Debug|Win32
		{EDE79A43-7BBE-45EA-A81B-F19755E11A19}.Release|x64.ActiveCfg = Release|x64
		{EDE79A43-7BBE-45EA-A81B-F19755E11A19}.Release|x64.Build.0 = Release|x64
		{EDE79A43-7BBE-45EA-A81B-F19755E11A19}.Release|x86.ActiveCfg = Release|Win32
		{EDE79A43-7BBE-45EA-A81B-F19755E11A19}.Release|x86.Build.0 = Release|Win32
	EndGlobalSection
	GlobalSection(SolutionProperties) = preSolution
		HideSolutionNode = FALSE
	EndGlobalSection
	GlobalSection(ExtensibilityGlobals) = postSolution
		SolutionGuid = {871C4414-0CDB-4DB5-9B15-EF103E2EEAF0}
	EndGlobalSection
EndGlobal
